
Microsoft Visual Studio Solution File, Format Version 12.00
# Visual Studio Version 17
VisualStudioVersion = 17.14.36414.22
MinimumVisualStudioVersion = 10.0.40219.1
Project("{FAE04EC0-301F-11D3-BF4B-00C04F79EFBC}") = "Ornek2", "Ornek1\Ornek2.csproj", "{1C706D70-C30A-495B-8BBD-7C77472EE44B}"
EndProject
Global
	GlobalSection(SolutionConfigurationPlatforms) = preSolution
		Debug|Any CPU = Debug|Any CPU
		Release|Any CPU = Release|Any CPU
	EndGlobalSection
	GlobalSection(ProjectConfigurationPlatforms) = postSolution
		{1C706D70-C30A-495B-8BBD-7C77472EE44B}.Debug|Any CPU.ActiveCfg = Debug|Any CPU
		{1C706D70-C30A-495B-8BBD-7C77472EE44B}.Debug|Any CPU.Build.0 = Debug|Any CPU
		{1C706D70-C30A-495B-8BBD-7C77472EE44B}.Release|Any CPU.ActiveCfg = Release|Any CPU
		{1C706D70-C30A-495B-8BBD-7C77472EE44B}.Release|Any CPU.Build.0 = Release|Any CPU
	EndGlobalSection
	GlobalSection(SolutionProperties) = preSolution
		HideSolutionNode = FALSE
	EndGlobalSection
	GlobalSection(ExtensibilityGlobals) = postSolution
		SolutionGuid = {E025833B-0AA1-476E-9914-947E938D82E8}
	EndGlobalSection
EndGlobal
