
Microsoft Visual Studio Solution File, Format Version 12.00
# Visual Studio Version 17
VisualStudioVersion = 17.14.36414.22 d17.14
MinimumVisualStudioVersion = 10.0.40219.1
Project("{FAE04EC0-301F-11D3-BF4B-00C04F79EFBC}") = "Ornek 9", "Ornek 9\Ornek 9.csproj", "{F002D3CB-6880-4F89-9BAD-2AB51DDF53FB}"
EndProject
Global
	GlobalSection(SolutionConfigurationPlatforms) = preSolution
		Debug|Any CPU = Debug|Any CPU
		Release|Any CPU = Release|Any CPU
	EndGlobalSection
	GlobalSection(ProjectConfigurationPlatforms) = postSolution
		{F002D3CB-6880-4F89-9BAD-2AB51DDF53FB}.Debug|Any CPU.ActiveCfg = Debug|Any CPU
		{F002D3CB-6880-4F89-9BAD-2AB51DDF53FB}.Debug|Any CPU.Build.0 = Debug|Any CPU
		{F002D3CB-6880-4F89-9BAD-2AB51DDF53FB}.Release|Any CPU.ActiveCfg = Release|Any CPU
		{F002D3CB-6880-4F89-9BAD-2AB51DDF53FB}.Release|Any CPU.Build.0 = Release|Any CPU
	EndGlobalSection
	GlobalSection(SolutionProperties) = preSolution
		HideSolutionNode = FALSE
	EndGlobalSection
	GlobalSection(ExtensibilityGlobals) = postSolution
		SolutionGuid = {F407ADE1-AE44-43BE-AB6E-E1359084A100}
	EndGlobalSection
EndGlobal
