
Microsoft Visual Studio Solution File, Format Version 12.00
# Visual Studio Version 17
VisualStudioVersion = 17.11.35222.181
MinimumVisualStudioVersion = 10.0.40219.1
Project("{FAE04EC0-301F-11D3-BF4B-00C04F79EFBC}") = "Ornek2", "Ornek2\Ornek2.csproj", "{24C671AB-A8D5-41D7-B2D9-D9083F958E28}"
EndProject
Global
	GlobalSection(SolutionConfigurationPlatforms) = preSolution
		Debug|Any CPU = Debug|Any CPU
		Release|Any CPU = Release|Any CPU
	EndGlobalSection
	GlobalSection(ProjectConfigurationPlatforms) = postSolution
		{24C671AB-A8D5-41D7-B2D9-D9083F958E28}.Debug|Any CPU.ActiveCfg = Debug|Any CPU
		{24C671AB-A8D5-41D7-B2D9-D9083F958E28}.Debug|Any CPU.Build.0 = Debug|Any CPU
		{24C671AB-A8D5-41D7-B2D9-D9083F958E28}.Release|Any CPU.ActiveCfg = Release|Any CPU
		{24C671AB-A8D5-41D7-B2D9-D9083F958E28}.Release|Any CPU.Build.0 = Release|Any CPU
	EndGlobalSection
	GlobalSection(SolutionProperties) = preSolution
		HideSolutionNode = FALSE
	EndGlobalSection
	GlobalSection(ExtensibilityGlobals) = postSolution
		SolutionGuid = {67E34FF0-47F2-479E-A657-25E249DF41E9}
	EndGlobalSection
EndGlobal
