
Microsoft Visual Studio Solution File, Format Version 12.00
# Visual Studio Version 17
VisualStudioVersion = 17.13.35913.81 d17.13
MinimumVisualStudioVersion = 10.0.40219.1
Project("{FAE04EC0-301F-11D3-BF4B-00C04F79EFBC}") = "Ornek9", "Ornek9\Ornek9.csproj", "{99738DFA-CB12-453B-A464-A4D1043B985A}"
EndProject
Global
	GlobalSection(SolutionConfigurationPlatforms) = preSolution
		Debug|Any CPU = Debug|Any CPU
		Release|Any CPU = Release|Any CPU
	EndGlobalSection
	GlobalSection(ProjectConfigurationPlatforms) = postSolution
		{99738DFA-CB12-453B-A464-A4D1043B985A}.Debug|Any CPU.ActiveCfg = Debug|Any CPU
		{99738DFA-CB12-453B-A464-A4D1043B985A}.Debug|Any CPU.Build.0 = Debug|Any CPU
		{99738DFA-CB12-453B-A464-A4D1043B985A}.Release|Any CPU.ActiveCfg = Release|Any CPU
		{99738DFA-CB12-453B-A464-A4D1043B985A}.Release|Any CPU.Build.0 = Release|Any CPU
	EndGlobalSection
	GlobalSection(SolutionProperties) = preSolution
		HideSolutionNode = FALSE
	EndGlobalSection
	GlobalSection(ExtensibilityGlobals) = postSolution
		SolutionGuid = {9CBA7780-73DE-4FD0-B25B-0B7F4A88A0C0}
	EndGlobalSection
EndGlobal
