
Microsoft Visual Studio Solution File, Format Version 12.00
# Visual Studio Version 17
VisualStudioVersion = 17.13.35913.81 d17.13
MinimumVisualStudioVersion = 10.0.40219.1
Project("{FAE04EC0-301F-11D3-BF4B-00C04F79EFBC}") = "Ornek7", "Ornek7\Ornek7.csproj", "{FC03E8B4-99D3-4009-A5CB-F215396F5CA4}"
EndProject
Global
	GlobalSection(SolutionConfigurationPlatforms) = preSolution
		Debug|Any CPU = Debug|Any CPU
		Release|Any CPU = Release|Any CPU
	EndGlobalSection
	GlobalSection(ProjectConfigurationPlatforms) = postSolution
		{FC03E8B4-99D3-4009-A5CB-F215396F5CA4}.Debug|Any CPU.ActiveCfg = Debug|Any CPU
		{FC03E8B4-99D3-4009-A5CB-F215396F5CA4}.Debug|Any CPU.Build.0 = Debug|Any CPU
		{FC03E8B4-99D3-4009-A5CB-F215396F5CA4}.Release|Any CPU.ActiveCfg = Release|Any CPU
		{FC03E8B4-99D3-4009-A5CB-F215396F5CA4}.Release|Any CPU.Build.0 = Release|Any CPU
	EndGlobalSection
	GlobalSection(SolutionProperties) = preSolution
		HideSolutionNode = FALSE
	EndGlobalSection
	GlobalSection(ExtensibilityGlobals) = postSolution
		SolutionGuid = {5DD26EA8-9495-40B7-9A72-06B4EB53824C}
	EndGlobalSection
EndGlobal
