
Microsoft Visual Studio Solution File, Format Version 12.00
# Visual Studio Version 17
VisualStudioVersion = 17.14.36616.10 d17.14
MinimumVisualStudioVersion = 10.0.40219.1
Project("{FAE04EC0-301F-11D3-BF4B-00C04F79EFBC}") = "Ornek", "Ornek\Ornek.csproj", "{71737CCE-B4F0-4094-8C29-41B884272563}"
EndProject
Global
	GlobalSection(SolutionConfigurationPlatforms) = preSolution
		Debug|Any CPU = Debug|Any CPU
		Debug|x64 = Debug|x64
		Release|Any CPU = Release|Any CPU
		Release|x64 = Release|x64
	EndGlobalSection
	GlobalSection(ProjectConfigurationPlatforms) = postSolution
		{71737CCE-B4F0-4094-8C29-41B884272563}.Debug|Any CPU.ActiveCfg = Debug|x64
		{71737CCE-B4F0-4094-8C29-41B884272563}.Debug|Any CPU.Build.0 = Debug|x64
		{71737CCE-B4F0-4094-8C29-41B884272563}.Debug|x64.ActiveCfg = Debug|x64
		{71737CCE-B4F0-4094-8C29-41B884272563}.Debug|x64.Build.0 = Debug|x64
		{71737CCE-B4F0-4094-8C29-41B884272563}.Release|Any CPU.ActiveCfg = Release|Any CPU
		{71737CCE-B4F0-4094-8C29-41B884272563}.Release|Any CPU.Build.0 = Release|Any CPU
		{71737CCE-B4F0-4094-8C29-41B884272563}.Release|x64.ActiveCfg = Release|Any CPU
		{71737CCE-B4F0-4094-8C29-41B884272563}.Release|x64.Build.0 = Release|Any CPU
	EndGlobalSection
	GlobalSection(SolutionProperties) = preSolution
		HideSolutionNode = FALSE
	EndGlobalSection
	GlobalSection(ExtensibilityGlobals) = postSolution
		SolutionGuid = {4CBBE8AC-8380-4CF0-9518-5E9E2AC0D810}
	EndGlobalSection
EndGlobal
