
Microsoft Visual Studio Solution File, Format Version 12.00
# Visual Studio Version 17
VisualStudioVersion = 17.14.36414.22 d17.14
MinimumVisualStudioVersion = 10.0.40219.1
Project("{FAE04EC0-301F-11D3-BF4B-00C04F79EFBC}") = "Ornek 6", "Ornek 6\Ornek 6.csproj", "{391BC312-8AE0-46DE-A451-A8EF1A545C89}"
EndProject
Global
	GlobalSection(SolutionConfigurationPlatforms) = preSolution
		Debug|Any CPU = Debug|Any CPU
		Release|Any CPU = Release|Any CPU
	EndGlobalSection
	GlobalSection(ProjectConfigurationPlatforms) = postSolution
		{391BC312-8AE0-46DE-A451-A8EF1A545C89}.Debug|Any CPU.ActiveCfg = Debug|Any CPU
		{391BC312-8AE0-46DE-A451-A8EF1A545C89}.Debug|Any CPU.Build.0 = Debug|Any CPU
		{391BC312-8AE0-46DE-A451-A8EF1A545C89}.Release|Any CPU.ActiveCfg = Release|Any CPU
		{391BC312-8AE0-46DE-A451-A8EF1A545C89}.Release|Any CPU.Build.0 = Release|Any CPU
	EndGlobalSection
	GlobalSection(SolutionProperties) = preSolution
		HideSolutionNode = FALSE
	EndGlobalSection
	GlobalSection(ExtensibilityGlobals) = postSolution
		SolutionGuid = {0C10BC60-4E8A-42FB-B06D-1A777FACB00C}
	EndGlobalSection
EndGlobal
