
Microsoft Visual Studio Solution File, Format Version 12.00
# Visual Studio Version 17
VisualStudioVersion = 17.11.35222.181
MinimumVisualStudioVersion = 10.0.40219.1
Project("{FAE04EC0-301F-11D3-BF4B-00C04F79EFBC}") = "Hafta2_3", "Hafta2_3\Hafta2_3.csproj", "{8E942936-FB25-4DE7-B272-BB24D3ED2257}"
EndProject
Global
	GlobalSection(SolutionConfigurationPlatforms) = preSolution
		Debug|Any CPU = Debug|Any CPU
		Release|Any CPU = Release|Any CPU
	EndGlobalSection
	GlobalSection(ProjectConfigurationPlatforms) = postSolution
		{8E942936-FB25-4DE7-B272-BB24D3ED2257}.Debug|Any CPU.ActiveCfg = Debug|Any CPU
		{8E942936-FB25-4DE7-B272-BB24D3ED2257}.Debug|Any CPU.Build.0 = Debug|Any CPU
		{8E942936-FB25-4DE7-B272-BB24D3ED2257}.Release|Any CPU.ActiveCfg = Release|Any CPU
		{8E942936-FB25-4DE7-B272-BB24D3ED2257}.Release|Any CPU.Build.0 = Release|Any CPU
	EndGlobalSection
	GlobalSection(SolutionProperties) = preSolution
		HideSolutionNode = FALSE
	EndGlobalSection
	GlobalSection(ExtensibilityGlobals) = postSolution
		SolutionGuid = {4EC46BCD-7C37-49EE-9AB6-EC24BD3E5188}
	EndGlobalSection
EndGlobal
