
Microsoft Visual Studio Solution File, Format Version 12.00
# Visual Studio Version 17
VisualStudioVersion = 17.13.35913.81 d17.13
MinimumVisualStudioVersion = 10.0.40219.1
Project("{FAE04EC0-301F-11D3-BF4B-00C04F79EFBC}") = "Ornek6", "Ornek6\Ornek6.csproj", "{A5A020C7-5248-43A4-A927-12BC3F684A70}"
EndProject
Global
	GlobalSection(SolutionConfigurationPlatforms) = preSolution
		Debug|Any CPU = Debug|Any CPU
		Release|Any CPU = Release|Any CPU
	EndGlobalSection
	GlobalSection(ProjectConfigurationPlatforms) = postSolution
		{A5A020C7-5248-43A4-A927-12BC3F684A70}.Debug|Any CPU.ActiveCfg = Debug|Any CPU
		{A5A020C7-5248-43A4-A927-12BC3F684A70}.Debug|Any CPU.Build.0 = Debug|Any CPU
		{A5A020C7-5248-43A4-A927-12BC3F684A70}.Release|Any CPU.ActiveCfg = Release|Any CPU
		{A5A020C7-5248-43A4-A927-12BC3F684A70}.Release|Any CPU.Build.0 = Release|Any CPU
	EndGlobalSection
	GlobalSection(SolutionProperties) = preSolution
		HideSolutionNode = FALSE
	EndGlobalSection
	GlobalSection(ExtensibilityGlobals) = postSolution
		SolutionGuid = {B31C3A2B-8409-4163-9C38-A375F7D88F98}
	EndGlobalSection
EndGlobal
