
Microsoft Visual Studio Solution File, Format Version 12.00
# Visual Studio Version 17
VisualStudioVersion = 17.11.35222.181
MinimumVisualStudioVersion = 10.0.40219.1
Project("{FAE04EC0-301F-11D3-BF4B-00C04F79EFBC}") = "Ornek4", "Ornek4\Ornek4.csproj", "{A9824C22-F7E4-4A60-82B9-AD5B47496792}"
EndProject
Global
	GlobalSection(SolutionConfigurationPlatforms) = preSolution
		Debug|Any CPU = Debug|Any CPU
		Release|Any CPU = Release|Any CPU
	EndGlobalSection
	GlobalSection(ProjectConfigurationPlatforms) = postSolution
		{A9824C22-F7E4-4A60-82B9-AD5B47496792}.Debug|Any CPU.ActiveCfg = Debug|Any CPU
		{A9824C22-F7E4-4A60-82B9-AD5B47496792}.Debug|Any CPU.Build.0 = Debug|Any CPU
		{A9824C22-F7E4-4A60-82B9-AD5B47496792}.Release|Any CPU.ActiveCfg = Release|Any CPU
		{A9824C22-F7E4-4A60-82B9-AD5B47496792}.Release|Any CPU.Build.0 = Release|Any CPU
	EndGlobalSection
	GlobalSection(SolutionProperties) = preSolution
		HideSolutionNode = FALSE
	EndGlobalSection
	GlobalSection(ExtensibilityGlobals) = postSolution
		SolutionGuid = {1310274E-45DE-416A-A299-C827D9EA53BC}
	EndGlobalSection
EndGlobal
