
Microsoft Visual Studio Solution File, Format Version 12.00
# Visual Studio Version 17
VisualStudioVersion = 17.13.35913.81 d17.13
MinimumVisualStudioVersion = 10.0.40219.1
Project("{FAE04EC0-301F-11D3-BF4B-00C04F79EFBC}") = "Ornek2", "Ornek2\Ornek2.csproj", "{5869C90D-47EC-4A37-B45D-1570D8FB26EE}"
EndProject
Global
	GlobalSection(SolutionConfigurationPlatforms) = preSolution
		Debug|Any CPU = Debug|Any CPU
		Release|Any CPU = Release|Any CPU
	EndGlobalSection
	GlobalSection(ProjectConfigurationPlatforms) = postSolution
		{5869C90D-47EC-4A37-B45D-1570D8FB26EE}.Debug|Any CPU.ActiveCfg = Debug|Any CPU
		{5869C90D-47EC-4A37-B45D-1570D8FB26EE}.Debug|Any CPU.Build.0 = Debug|Any CPU
		{5869C90D-47EC-4A37-B45D-1570D8FB26EE}.Release|Any CPU.ActiveCfg = Release|Any CPU
		{5869C90D-47EC-4A37-B45D-1570D8FB26EE}.Release|Any CPU.Build.0 = Release|Any CPU
	EndGlobalSection
	GlobalSection(SolutionProperties) = preSolution
		HideSolutionNode = FALSE
	EndGlobalSection
	GlobalSection(ExtensibilityGlobals) = postSolution
		SolutionGuid = {0B695A58-B874-439A-9E42-088CE7BD9359}
	EndGlobalSection
EndGlobal
