
Microsoft Visual Studio Solution File, Format Version 12.00
# Visual Studio Version 17
VisualStudioVersion = 17.11.35222.181
MinimumVisualStudioVersion = 10.0.40219.1
Project("{FAE04EC0-301F-11D3-BF4B-00C04F79EFBC}") = "Hafta2_Form", "Hafta2_Form\Hafta2_Form.csproj", "{6A786D36-3FE2-438C-ADF2-3C44EE665D33}"
EndProject
Global
	GlobalSection(SolutionConfigurationPlatforms) = preSolution
		Debug|Any CPU = Debug|Any CPU
		Release|Any CPU = Release|Any CPU
	EndGlobalSection
	GlobalSection(ProjectConfigurationPlatforms) = postSolution
		{6A786D36-3FE2-438C-ADF2-3C44EE665D33}.Debug|Any CPU.ActiveCfg = Debug|Any CPU
		{6A786D36-3FE2-438C-ADF2-3C44EE665D33}.Debug|Any CPU.Build.0 = Debug|Any CPU
		{6A786D36-3FE2-438C-ADF2-3C44EE665D33}.Release|Any CPU.ActiveCfg = Release|Any CPU
		{6A786D36-3FE2-438C-ADF2-3C44EE665D33}.Release|Any CPU.Build.0 = Release|Any CPU
	EndGlobalSection
	GlobalSection(SolutionProperties) = preSolution
		HideSolutionNode = FALSE
	EndGlobalSection
	GlobalSection(ExtensibilityGlobals) = postSolution
		SolutionGuid = {A88DC02B-9366-4D9B-AB07-2A176CDDDAFE}
	EndGlobalSection
EndGlobal
