
Microsoft Visual Studio Solution File, Format Version 12.00
# Visual Studio Version 17
VisualStudioVersion = 17.14.36414.22 d17.14
MinimumVisualStudioVersion = 10.0.40219.1
Project("{FAE04EC0-301F-11D3-BF4B-00C04F79EFBC}") = "Ornek 8", "Ornek 8\Ornek 8.csproj", "{5F337B79-606E-407F-8648-32C2DE40E363}"
EndProject
Global
	GlobalSection(SolutionConfigurationPlatforms) = preSolution
		Debug|Any CPU = Debug|Any CPU
		Release|Any CPU = Release|Any CPU
	EndGlobalSection
	GlobalSection(ProjectConfigurationPlatforms) = postSolution
		{5F337B79-606E-407F-8648-32C2DE40E363}.Debug|Any CPU.ActiveCfg = Debug|Any CPU
		{5F337B79-606E-407F-8648-32C2DE40E363}.Debug|Any CPU.Build.0 = Debug|Any CPU
		{5F337B79-606E-407F-8648-32C2DE40E363}.Release|Any CPU.ActiveCfg = Release|Any CPU
		{5F337B79-606E-407F-8648-32C2DE40E363}.Release|Any CPU.Build.0 = Release|Any CPU
	EndGlobalSection
	GlobalSection(SolutionProperties) = preSolution
		HideSolutionNode = FALSE
	EndGlobalSection
	GlobalSection(ExtensibilityGlobals) = postSolution
		SolutionGuid = {B36B1B9B-6F1E-4D81-A4F2-B880A8380AA1}
	EndGlobalSection
EndGlobal
